{
  "name": "noop-logic",
  "version": "1.0.4",
  "lockfileVersion": 1,
  "requires": true,
  "dependencies": {
    "json-logic-js": {
      "version": "1.2.2",
      "resolved": "https://registry.npmjs.org/json-logic-js/-/json-logic-js-1.2.2.tgz",
      "integrity": "sha1-5cOCqm3yXfSF7erTOYaTlsUzr+g="
    },
    "node-cidr": {
      "version": "1.0.0",
      "resolved": "https://registry.npmjs.org/node-cidr/-/node-cidr-1.0.0.tgz",
      "integrity": "sha512-F7KXTvJ1fyVVldfjO/MrZS7ux9nyE6GiMS2q3yNFZWrU6IHjHEOuQ7jQEArJf7/qvZO3k8RGu38GSxInz8TE1g=="
    }
  }
}
